<?xml version="1.0" encoding="utf-8"?>
<Project ToolsVersion="4.0" xmlns="http://schemas.microsoft.com/developer/msbuild/2003">
  <ItemGroup>
    <Filter Include="Source Files">
      <UniqueIdentifier>{4FC737F1-C7A5-4376-A066-2A32D752A2FF}</UniqueIdentifier>
      <Extensions>cpp;c;cc;cxx;c++;cppm;ixx;def;odl;idl;hpj;bat;asm;asmx</Extensions>
    </Filter>
    <Filter Include="Header Files">
      <UniqueIdentifier>{93995380-89BD-4b04-88EB-625FBE52EBFB}</UniqueIdentifier>
      <Extensions>h;hh;hpp;hxx;h++;hm;inl;inc;ipp;xsd</Extensions>
    </Filter>
    <Filter Include="Resource Files">
      <UniqueIdentifier>{67DA6AB6-F800-4c08-8B7A-83BB121AAD01}</UniqueIdentifier>
      <Extensions>rc;ico;cur;bmp;dlg;rc2;rct;bin;rgs;gif;jpg;jpeg;jpe;resx;tiff;tif;png;wav;mfcribbon-ms</Extensions>
    </Filter>
    <Filter Include="Source Files\Render">
      <UniqueIdentifier>{2c381430-4041-4b31-aa56-56a958d0b73b}</UniqueIdentifier>
    </Filter>
    <Filter Include="Header Files\Render">
      <UniqueIdentifier>{d6105250-fa76-4a44-8c8e-0539c22d6fbf}</UniqueIdentifier>
    </Filter>
    <Filter Include="Header Files\Render\MeshPresets">
      <UniqueIdentifier>{4171f490-f851-4bac-bc7c-4ad040bc25c6}</UniqueIdentifier>
    </Filter>
    <Filter Include="Header Files\Render\MeshPresets\Textured">
      <UniqueIdentifier>{d1dffac8-2981-4047-a779-a0c336bbd33d}</UniqueIdentifier>
    </Filter>
    <Filter Include="Header Files\Render\MeshPresets\Colored">
      <UniqueIdentifier>{c8ac7096-050e-4704-bd2a-e6f043a0055e}</UniqueIdentifier>
    </Filter>
    <Filter Include="Source Files\Render\MeshPresets">
      <UniqueIdentifier>{fe5c1302-0b43-4c8b-a4f8-97ddb2a27ffb}</UniqueIdentifier>
    </Filter>
    <Filter Include="Source Files\Render\MeshPresets\Colored">
      <UniqueIdentifier>{17491723-3774-4273-89c0-3e46fee033e2}</UniqueIdentifier>
    </Filter>
    <Filter Include="Source Files\Render\MeshPresets\Textured">
      <UniqueIdentifier>{32f86acf-1faf-45c1-b7ae-2400b14576a0}</UniqueIdentifier>
    </Filter>
    <Filter Include="Source Files\Physics">
      <UniqueIdentifier>{4e391211-d30f-4388-a9f8-2ca5a0704fea}</UniqueIdentifier>
    </Filter>
    <Filter Include="Header Files\Physics">
      <UniqueIdentifier>{6137e59c-8d5a-48c1-a1eb-4859c6f40b9d}</UniqueIdentifier>
    </Filter>
    <Filter Include="Source Files\Core">
      <UniqueIdentifier>{935502bf-e142-4dca-bde1-434066797e68}</UniqueIdentifier>
    </Filter>
    <Filter Include="Header Files\Core">
      <UniqueIdentifier>{f6b4c8a5-77f8-4296-b58f-3d901ab92617}</UniqueIdentifier>
    </Filter>
    <Filter Include="Source Files\Objects">
      <UniqueIdentifier>{c5f05ccf-3d19-421c-b00e-1755d0234b14}</UniqueIdentifier>
    </Filter>
    <Filter Include="Header Files\Objects">
      <UniqueIdentifier>{5390df6c-2880-49a4-91a1-02ad3eeb2a06}</UniqueIdentifier>
    </Filter>
    <Filter Include="Header Files\Objects\ColoredPrimitives">
      <UniqueIdentifier>{ce6af1c3-099e-4a5b-8587-bff33a09b6ee}</UniqueIdentifier>
    </Filter>
    <Filter Include="Source Files\Objects\ColoredPrimitives">
      <UniqueIdentifier>{df679606-f3d3-4a8d-86ec-fca195eed43a}</UniqueIdentifier>
    </Filter>
  </ItemGroup>
  <ItemGroup>
    <ClCompile Include="Test.cpp">
      <Filter>Source Files</Filter>
    </ClCompile>
    <ClCompile Include="ColoredMesh.cpp">
      <Filter>Source Files\Render</Filter>
    </ClCompile>
    <ClCompile Include="ColoredCubeMesh.cpp">
      <Filter>Source Files\Render\MeshPresets\Colored</Filter>
    </ClCompile>
    <ClCompile Include="ColoredRectangleMesh.cpp">
      <Filter>Source Files\Render\MeshPresets\Colored</Filter>
    </ClCompile>
    <ClCompile Include="ColoredSlopeMesh.cpp">
      <Filter>Source Files\Render\MeshPresets\Colored</Filter>
    </ClCompile>
    <ClCompile Include="Mesh.cpp">
      <Filter>Source Files\Render</Filter>
    </ClCompile>
    <ClCompile Include="TexturedMesh.cpp">
      <Filter>Source Files\Render</Filter>
    </ClCompile>
    <ClCompile Include="Collider.cpp">
      <Filter>Source Files\Physics</Filter>
    </ClCompile>
    <ClCompile Include="BoundingSphere.cpp">
      <Filter>Source Files\Physics</Filter>
    </ClCompile>
    <ClCompile Include="ColoredMeshRenderer.cpp">
      <Filter>Source Files\Render</Filter>
    </ClCompile>
    <ClCompile Include="D3DApp.cpp">
      <Filter>Source Files\Core</Filter>
    </ClCompile>
    <ClCompile Include="Winmaincpp.cpp">
      <Filter>Source Files\Core</Filter>
    </ClCompile>
    <ClCompile Include="Camera.cpp">
      <Filter>Source Files\Core</Filter>
    </ClCompile>
    <ClCompile Include="GameObject.cpp">
      <Filter>Source Files\Core</Filter>
    </ClCompile>
    <ClCompile Include="Transform.cpp">
      <Filter>Source Files\Core</Filter>
    </ClCompile>
    <ClCompile Include="CollisionHandler.cpp">
      <Filter>Source Files\Physics</Filter>
    </ClCompile>
    <ClCompile Include="BoundingAABB.cpp">
      <Filter>Source Files\Physics</Filter>
	</ClCompile>
    <ClCompile Include="ColoredGameObject.cpp">
      <Filter>Source Files\Objects</Filter>
    </ClCompile>
    <ClCompile Include="ColoredRectangle.cpp">
      <Filter>Source Files\Objects\ColoredPrimitives</Filter>
    </ClCompile>
    <ClCompile Include="ColoredCube.cpp">
      <Filter>Source Files\Objects\ColoredPrimitives</Filter>
    </ClCompile>
    <ClCompile Include="TexturedRectangleMesh.cpp">
      <Filter>Source Files\Render\MeshPresets\Textured</Filter>
    </ClCompile>
    <ClCompile Include="TexturedMeshRenderer.cpp">
      <Filter>Source Files\Render</Filter>
    </ClCompile>
    <ClCompile Include="TexturedGameObject.cpp">
      <Filter>Source Files\Objects</Filter>
    </ClCompile>
  </ItemGroup>
  <ItemGroup>
    <ClInclude Include="Test.h">
      <Filter>Header Files</Filter>
    </ClInclude>
    <ClInclude Include="ColoredCubeMesh.h">
      <Filter>Header Files\Render\MeshPresets\Colored</Filter>
    </ClInclude>
    <ClInclude Include="ColoredMesh.h">
      <Filter>Header Files\Render</Filter>
    </ClInclude>
    <ClInclude Include="ColoredRectangleMesh.h">
      <Filter>Header Files\Render\MeshPresets\Colored</Filter>
    </ClInclude>
    <ClInclude Include="ColoredSlopeMesh.h">
      <Filter>Header Files\Render\MeshPresets\Colored</Filter>
    </ClInclude>
    <ClInclude Include="Mesh.h">
      <Filter>Header Files\Render</Filter>
    </ClInclude>
    <ClInclude Include="TexturedMesh.h">
      <Filter>Header Files\Render</Filter>
    </ClInclude>
    <ClInclude Include="Collider.h">
      <Filter>Header Files\Physics</Filter>
    </ClInclude>
    <ClInclude Include="BoundingSphere.h">
      <Filter>Header Files\Physics</Filter>
    </ClInclude>
    <ClInclude Include="ColoredMeshRenderer.h">
      <Filter>Header Files\Render</Filter>
    </ClInclude>
    <ClInclude Include="MeshRenderer.h">
      <Filter>Header Files\Render</Filter>
    </ClInclude>
    <ClInclude Include="d3dUtil.h">
      <Filter>Header Files\Core</Filter>
    </ClInclude>
    <ClInclude Include="D3DApp.h">
      <Filter>Header Files\Core</Filter>
    </ClInclude>
    <ClInclude Include="GameObject.h">
      <Filter>Header Files\Core</Filter>
    </ClInclude>
    <ClInclude Include="Transform.h">
      <Filter>Header Files\Core</Filter>
    </ClInclude>
    <ClInclude Include="Camera.h">
      <Filter>Header Files\Core</Filter>
    </ClInclude>
    <ClInclude Include="CollisionHandler.h">
      <Filter>Header Files\Physics</Filter>
    </ClInclude>
    <ClInclude Include="BoundingAABB.h">
      <Filter>Header Files\Physics</Filter>
	</ClInclude>
    <ClInclude Include="ColoredGameObject.h">
      <Filter>Header Files\Objects</Filter>
    </ClInclude>
    <ClInclude Include="ColoredRectangle.h">
      <Filter>Header Files\Objects\ColoredPrimitives</Filter>
    </ClInclude>
    <ClInclude Include="ColoredCube.h">
      <Filter>Header Files\Objects\ColoredPrimitives</Filter>
    </ClInclude>
    <ClInclude Include="TexturedRectangleMesh.h">
      <Filter>Header Files\Render\MeshPresets\Textured</Filter>
    </ClInclude>
    <ClInclude Include="TexturedMeshRenderer.h">
      <Filter>Header Files\Render</Filter>
    </ClInclude>
    <ClInclude Include="TexturedGameObject.h">
      <Filter>Header Files\Objects</Filter>
    </ClInclude>
  </ItemGroup>
</Project>